
Microsoft Visual Studio Solution File, Format Version 12.00
# Visual Studio Version 16
VisualStudioVersion = 16.0.29911.84
MinimumVisualStudioVersion = 10.0.40219.1
Project("{FAE04EC0-301F-11D3-BF4B-00C04F79EFBC}") = "EjercicioXVI", "EjercicioXVI\EjercicioXVI.csproj", "{8CEEA689-75B3-4385-9F50-AF5CDC808FBF}"
EndProject
Global
	GlobalSection(SolutionConfigurationPlatforms) = preSolution
		Debug|Any CPU = Debug|Any CPU
		Release|Any CPU = Release|Any CPU
	EndGlobalSection
	GlobalSection(ProjectConfigurationPlatforms) = postSolution
		{8CEEA689-75B3-4385-9F50-AF5CDC808FBF}.Debug|Any CPU.ActiveCfg = Debug|Any CPU
		{8CEEA689-75B3-4385-9F50-AF5CDC808FBF}.Debug|Any CPU.Build.0 = Debug|Any CPU
		{8CEEA689-75B3-4385-9F50-AF5CDC808FBF}.Release|Any CPU.ActiveCfg = Release|Any CPU
		{8CEEA689-75B3-4385-9F50-AF5CDC808FBF}.Release|Any CPU.Build.0 = Release|Any CPU
	EndGlobalSection
	GlobalSection(SolutionProperties) = preSolution
		HideSolutionNode = FALSE
	EndGlobalSection
	GlobalSection(ExtensibilityGlobals) = postSolution
		SolutionGuid = {CA8F371E-4588-4985-B260-5822035F6897}
	EndGlobalSection
EndGlobal
